// !$*UTF8*$!
{
	archiveVersion = 1;
	classes = {
	};
	objectVersion = 46;
	objects = {

/* Begin PBXBuildFile section */
		EF6657431ED0FA0D00335B1B /* AppDelegate.swift in Sources */ = {isa = PBXBuildFile; fileRef = EF6657421ED0FA0D00335B1B /* AppDelegate.swift */; };
		EF6657451ED0FA0D00335B1B /* MemeEditorViewController.swift in Sources */ = {isa = PBXBuildFile; fileRef = EF6657441ED0FA0D00335B1B /* MemeEditorViewController.swift */; };
		EF6657481ED0FA0D00335B1B /* Main.storyboard in Resources */ = {isa = PBXBuildFile; fileRef = EF6657461ED0FA0D00335B1B /* Main.storyboard */; };
		EF66574A1ED0FA0D00335B1B /* Assets.xcassets in Resources */ = {isa = PBXBuildFile; fileRef = EF6657491ED0FA0D00335B1B /* Assets.xcassets */; };
		EF66574D1ED0FA0D00335B1B /* LaunchScreen.storyboard in Resources */ = {isa = PBXBuildFile; fileRef = EF66574B1ED0FA0D00335B1B /* LaunchScreen.storyboard */; };
		EF6786571EFB4C9C006F59C0 /* SentMemesCollectionViewController.swift in Sources */ = {isa = PBXBuildFile; fileRef = EF6786561EFB4C9C006F59C0 /* SentMemesCollectionViewController.swift */; };
		EF6786591EFB5C9E006F59C0 /* SentMemesTableViewController.swift in Sources */ = {isa = PBXBuildFile; fileRef = EF6786581EFB5C9E006F59C0 /* SentMemesTableViewController.swift */; };
		EF67865D1EFB6E02006F59C0 /* SentMemeCollectionViewCell.swift in Sources */ = {isa = PBXBuildFile; fileRef = EF67865C1EFB6E02006F59C0 /* SentMemeCollectionViewCell.swift */; };
		EF849CE21EDA3FA300B95C7F /* TextFieldDelegate.swift in Sources */ = {isa = PBXBuildFile; fileRef = EF849CE11EDA3FA300B95C7F /* TextFieldDelegate.swift */; };
		EF849CE51EDA56C500B95C7F /* impact.ttf in Resources */ = {isa = PBXBuildFile; fileRef = EF849CE41EDA55BE00B95C7F /* impact.ttf */; };
		EF849CEB1EE5008D00B95C7F /* Meme.swift in Sources */ = {isa = PBXBuildFile; fileRef = EF849CEA1EE5008D00B95C7F /* Meme.swift */; };
		EF9238DC1F00DB9D007F124C /* SentMemeTableViewCell.swift in Sources */ = {isa = PBXBuildFile; fileRef = EF9238DB1F00DB9D007F124C /* SentMemeTableViewCell.swift */; };
		EF97D32F1F033745007237DF /* SentMemesTabBarController.swift in Sources */ = {isa = PBXBuildFile; fileRef = EF97D32E1F033745007237DF /* SentMemesTabBarController.swift */; };
/* End PBXBuildFile section */

/* Begin PBXFileReference section */
		EF66573F1ED0FA0D00335B1B /* MemeMe-App.app */ = {isa = PBXFileReference; explicitFileType = wrapper.application; includeInIndex = 0; path = "MemeMe-App.app"; sourceTree = BUILT_PRODUCTS_DIR; };
		EF6657421ED0FA0D00335B1B /* AppDelegate.swift */ = {isa = PBXFileReference; lastKnownFileType = sourcecode.swift; path = AppDelegate.swift; sourceTree = "<group>"; };
		EF6657441ED0FA0D00335B1B /* MemeEditorViewController.swift */ = {isa = PBXFileReference; lastKnownFileType = sourcecode.swift; path = MemeEditorViewController.swift; sourceTree = "<group>"; };
		EF6657471ED0FA0D00335B1B /* Base */ = {isa = PBXFileReference; lastKnownFileType = file.storyboard; name = Base; path = Base.lproj/Main.storyboard; sourceTree = "<group>"; };
		EF6657491ED0FA0D00335B1B /* Assets.xcassets */ = {isa = PBXFileReference; lastKnownFileType = folder.assetcatalog; path = Assets.xcassets; sourceTree = "<group>"; };
		EF66574C1ED0FA0D00335B1B /* Base */ = {isa = PBXFileReference; lastKnownFileType = file.storyboard; name = Base; path = Base.lproj/LaunchScreen.storyboard; sourceTree = "<group>"; };
		EF66574E1ED0FA0D00335B1B /* Info.plist */ = {isa = PBXFileReference; lastKnownFileType = text.plist.xml; path = Info.plist; sourceTree = "<group>"; };
		EF6786561EFB4C9C006F59C0 /* SentMemesCollectionViewController.swift */ = {isa = PBXFileReference; fileEncoding = 4; lastKnownFileType = sourcecode.swift; path = SentMemesCollectionViewController.swift; sourceTree = "<group>"; };
		EF6786581EFB5C9E006F59C0 /* SentMemesTableViewController.swift */ = {isa = PBXFileReference; fileEncoding = 4; lastKnownFileType = sourcecode.swift; path = SentMemesTableViewController.swift; sourceTree = "<group>"; };
		EF67865C1EFB6E02006F59C0 /* SentMemeCollectionViewCell.swift */ = {isa = PBXFileReference; fileEncoding = 4; lastKnownFileType = sourcecode.swift; path = SentMemeCollectionViewCell.swift; sourceTree = "<group>"; };
		EF849CE11EDA3FA300B95C7F /* TextFieldDelegate.swift */ = {isa = PBXFileReference; fileEncoding = 4; lastKnownFileType = sourcecode.swift; path = TextFieldDelegate.swift; sourceTree = "<group>"; };
		EF849CE41EDA55BE00B95C7F /* impact.ttf */ = {isa = PBXFileReference; lastKnownFileType = file; path = impact.ttf; sourceTree = "<group>"; };
		EF849CEA1EE5008D00B95C7F /* Meme.swift */ = {isa = PBXFileReference; fileEncoding = 4; lastKnownFileType = sourcecode.swift; path = Meme.swift; sourceTree = "<group>"; };
		EF9238DB1F00DB9D007F124C /* SentMemeTableViewCell.swift */ = {isa = PBXFileReference; fileEncoding = 4; lastKnownFileType = sourcecode.swift; path = SentMemeTableViewCell.swift; sourceTree = "<group>"; };
		EF97D32E1F033745007237DF /* SentMemesTabBarController.swift */ = {isa = PBXFileReference; fileEncoding = 4; lastKnownFileType = sourcecode.swift; path = SentMemesTabBarController.swift; sourceTree = "<group>"; };
/* End PBXFileReference section */

/* Begin PBXFrameworksBuildPhase section */
		EF66573C1ED0FA0D00335B1B /* Frameworks */ = {
			isa = PBXFrameworksBuildPhase;
			buildActionMask = 2147483647;
			files = (
			);
			runOnlyForDeploymentPostprocessing = 0;
		};
/* End PBXFrameworksBuildPhase section */

/* Begin PBXGroup section */
		EF6657361ED0FA0C00335B1B = {
			isa = PBXGroup;
			children = (
				EF6657411ED0FA0D00335B1B /* MemeMe-App */,
				EF6657401ED0FA0D00335B1B /* Products */,
			);
			sourceTree = "<group>";
		};
		EF6657401ED0FA0D00335B1B /* Products */ = {
			isa = PBXGroup;
			children = (
				EF66573F1ED0FA0D00335B1B /* MemeMe-App.app */,
			);
			name = Products;
			sourceTree = "<group>";
		};
		EF6657411ED0FA0D00335B1B /* MemeMe-App */ = {
			isa = PBXGroup;
			children = (
				EF66574E1ED0FA0D00335B1B /* Info.plist */,
				EF6657421ED0FA0D00335B1B /* AppDelegate.swift */,
				EF849CEA1EE5008D00B95C7F /* Meme.swift */,
				EF97D32E1F033745007237DF /* SentMemesTabBarController.swift */,
				EF6786561EFB4C9C006F59C0 /* SentMemesCollectionViewController.swift */,
				EF67865C1EFB6E02006F59C0 /* SentMemeCollectionViewCell.swift */,
				EF6786581EFB5C9E006F59C0 /* SentMemesTableViewController.swift */,
				EF9238DB1F00DB9D007F124C /* SentMemeTableViewCell.swift */,
				EF6657441ED0FA0D00335B1B /* MemeEditorViewController.swift */,
				EF849CE11EDA3FA300B95C7F /* TextFieldDelegate.swift */,
				EF6657491ED0FA0D00335B1B /* Assets.xcassets */,
				EF66574B1ED0FA0D00335B1B /* LaunchScreen.storyboard */,
				EF6657461ED0FA0D00335B1B /* Main.storyboard */,
				EF849CE31EDA553500B95C7F /* Fonts */,
			);
			path = "MemeMe-App";
			sourceTree = "<group>";
		};
		EF849CE31EDA553500B95C7F /* Fonts */ = {
			isa = PBXGroup;
			children = (
				EF849CE41EDA55BE00B95C7F /* impact.ttf */,
			);
			name = Fonts;
			sourceTree = "<group>";
		};
/* End PBXGroup section */

/* Begin PBXNativeTarget section */
		EF66573E1ED0FA0D00335B1B /* MemeMe-App */ = {
			isa = PBXNativeTarget;
			buildConfigurationList = EF6657511ED0FA0D00335B1B /* Build configuration list for PBXNativeTarget "MemeMe-App" */;
			buildPhases = (
				EF66573B1ED0FA0D00335B1B /* Sources */,
				EF66573C1ED0FA0D00335B1B /* Frameworks */,
				EF66573D1ED0FA0D00335B1B /* Resources */,
			);
			buildRules = (
			);
			dependencies = (
			);
			name = "MemeMe-App";
			productName = "Image Picker";
			productReference = EF66573F1ED0FA0D00335B1B /* MemeMe-App.app */;
			productType = "com.apple.product-type.application";
		};
/* End PBXNativeTarget section */

/* Begin PBXProject section */
		EF6657371ED0FA0C00335B1B /* Project object */ = {
			isa = PBXProject;
			attributes = {
				LastSwiftUpdateCheck = 0830;
				LastUpgradeCheck = 0830;
				ORGANIZATIONNAME = "Jimit Shah";
				TargetAttributes = {
					EF66573E1ED0FA0D00335B1B = {
						CreatedOnToolsVersion = 8.3.2;
						ProvisioningStyle = Automatic;
					};
				};
			};
			buildConfigurationList = EF66573A1ED0FA0C00335B1B /* Build configuration list for PBXProject "MemeMe-App" */;
			compatibilityVersion = "Xcode 3.2";
			developmentRegion = English;
			hasScannedForEncodings = 0;
			knownRegions = (
				en,
				Base,
			);
			mainGroup = EF6657361ED0FA0C00335B1B;
			productRefGroup = EF6657401ED0FA0D00335B1B /* Products */;
			projectDirPath = "";
			projectRoot = "";
			targets = (
				EF66573E1ED0FA0D00335B1B /* MemeMe-App */,
			);
		};
/* End PBXProject section */

/* Begin PBXResourcesBuildPhase section */
		EF66573D1ED0FA0D00335B1B /* Resources */ = {
			isa = PBXResourcesBuildPhase;
			buildActionMask = 2147483647;
			files = (
				EF849CE51EDA56C500B95C7F /* impact.ttf in Resources */,
				EF66574D1ED0FA0D00335B1B /* LaunchScreen.storyboard in Resources */,
				EF66574A1ED0FA0D00335B1B /* Assets.xcassets in Resources */,
				EF6657481ED0FA0D00335B1B /* Main.storyboard in Resources */,
			);
			runOnlyForDeploymentPostprocessing = 0;
		};
/* End PBXResourcesBuildPhase section */

/* Begin PBXSourcesBuildPhase section */
		EF66573B1ED0FA0D00335B1B /* Sources */ = {
			isa = PBXSourcesBuildPhase;
			buildActionMask = 2147483647;
			files = (
				EF6657451ED0FA0D00335B1B /* MemeEditorViewController.swift in Sources */,
				EF6786591EFB5C9E006F59C0 /* SentMemesTableViewController.swift in Sources */,
				EF849CEB1EE5008D00B95C7F /* Meme.swift in Sources */,
				EF6786571EFB4C9C006F59C0 /* SentMemesCollectionViewController.swift in Sources */,
				EF67865D1EFB6E02006F59C0 /* SentMemeCollectionViewCell.swift in Sources */,
				EF6657431ED0FA0D00335B1B /* AppDelegate.swift in Sources */,
				EF97D32F1F033745007237DF /* SentMemesTabBarController.swift in Sources */,
				EF849CE21EDA3FA300B95C7F /* TextFieldDelegate.swift in Sources */,
				EF9238DC1F00DB9D007F124C /* SentMemeTableViewCell.swift in Sources */,
			);
			runOnlyForDeploymentPostprocessing = 0;
		};
/* End PBXSourcesBuildPhase section */

/* Begin PBXVariantGroup section */
		EF6657461ED0FA0D00335B1B /* Main.storyboard */ = {
			isa = PBXVariantGroup;
			children = (
				EF6657471ED0FA0D00335B1B /* Base */,
			);
			name = Main.storyboard;
			sourceTree = "<group>";
		};
		EF66574B1ED0FA0D00335B1B /* LaunchScreen.storyboard */ = {
			isa = PBXVariantGroup;
			children = (
				EF66574C1ED0FA0D00335B1B /* Base */,
			);
			name = LaunchScreen.storyboard;
			sourceTree = "<group>";
		};
/* End PBXVariantGroup section */

/* Begin XCBuildConfiguration section */
		EF66574F1ED0FA0D00335B1B /* Debug */ = {
			isa = XCBuildConfiguration;
			buildSettings = {
				ALWAYS_SEARCH_USER_PATHS = NO;
				CLANG_ANALYZER_NONNULL = YES;
				CLANG_ANALYZER_NUMBER_OBJECT_CONVERSION = YES_AGGRESSIVE;
				CLANG_CXX_LANGUAGE_STANDARD = "gnu++0x";
				CLANG_CXX_LIBRARY = "libc++";
				CLANG_ENABLE_MODULES = YES;
				CLANG_ENABLE_OBJC_ARC = YES;
				CLANG_WARN_BOOL_CONVERSION = YES;
				CLANG_WARN_CONSTANT_CONVERSION = YES;
				CLANG_WARN_DIRECT_OBJC_ISA_USAGE = YES_ERROR;
				CLANG_WARN_DOCUMENTATION_COMMENTS = YES;
				CLANG_WARN_EMPTY_BODY = YES;
				CLANG_WARN_ENUM_CONVERSION = YES;
				CLANG_WARN_INFINITE_RECURSION = YES;
				CLANG_WARN_INT_CONVERSION = YES;
				CLANG_WARN_OBJC_ROOT_CLASS = YES_ERROR;
				CLANG_WARN_SUSPICIOUS_MOVE = YES;
				CLANG_WARN_UNREACHABLE_CODE = YES;
				CLANG_WARN__DUPLICATE_METHOD_MATCH = YES;
				"CODE_SIGN_IDENTITY[sdk=iphoneos*]" = "iPhone Developer";
				COPY_PHASE_STRIP = NO;
				DEBUG_INFORMATION_FORMAT = dwarf;
				ENABLE_STRICT_OBJC_MSGSEND = YES;
				ENABLE_TESTABILITY = YES;
				GCC_C_LANGUAGE_STANDARD = gnu99;
				GCC_DYNAMIC_NO_PIC = NO;
				GCC_NO_COMMON_BLOCKS = YES;
				GCC_OPTIMIZATION_LEVEL = 0;
				GCC_PREPROCESSOR_DEFINITIONS = (
					"DEBUG=1",
					"$(inherited)",
				);
				GCC_WARN_64_TO_32_BIT_CONVERSION = YES;
				GCC_WARN_ABOUT_RETURN_TYPE = YES_ERROR;
				GCC_WARN_UNDECLARED_SELECTOR = YES;
				GCC_WARN_UNINITIALIZED_AUTOS = YES_AGGRESSIVE;
				GCC_WARN_UNUSED_FUNCTION = YES;
				GCC_WARN_UNUSED_VARIABLE = YES;
				IPHONEOS_DEPLOYMENT_TARGET = 10.3;
				MTL_ENABLE_DEBUG_INFO = YES;
				ONLY_ACTIVE_ARCH = YES;
				SDKROOT = iphoneos;
				SWIFT_ACTIVE_COMPILATION_CONDITIONS = DEBUG;
				SWIFT_OPTIMIZATION_LEVEL = "-Onone";
			};
			name = Debug;
		};
		EF6657501ED0FA0D00335B1B /* Release */ = {
			isa = XCBuildConfiguration;
			buildSettings = {
				ALWAYS_SEARCH_USER_PATHS = NO;
				CLANG_ANALYZER_NONNULL = YES;
				CLANG_ANALYZER_NUMBER_OBJECT_CONVERSION = YES_AGGRESSIVE;
				CLANG_CXX_LANGUAGE_STANDARD = "gnu++0x";
				CLANG_CXX_LIBRARY = "libc++";
				CLANG_ENABLE_MODULES = YES;
				CLANG_ENABLE_OBJC_ARC = YES;
				CLANG_WARN_BOOL_CONVERSION = YES;
				CLANG_WARN_CONSTANT_CONVERSION = YES;
				CLANG_WARN_DIRECT_OBJC_ISA_USAGE = YES_ERROR;
				CLANG_WARN_DOCUMENTATION_COMMENTS = YES;
				CLANG_WARN_EMPTY_BODY = YES;
				CLANG_WARN_ENUM_CONVERSION = YES;
				CLANG_WARN_INFINITE_RECURSION = YES;
				CLANG_WARN_INT_CONVERSION = YES;
				CLANG_WARN_OBJC_ROOT_CLASS = YES_ERROR;
				CLANG_WARN_SUSPICIOUS_MOVE = YES;
				CLANG_WARN_UNREACHABLE_CODE = YES;
				CLANG_WARN__DUPLICATE_METHOD_MATCH = YES;
				"CODE_SIGN_IDENTITY[sdk=iphoneos*]" = "iPhone Developer";
				COPY_PHASE_STRIP = NO;
				DEBUG_INFORMATION_FORMAT = "dwarf-with-dsym";
				ENABLE_NS_ASSERTIONS = NO;
				ENABLE_STRICT_OBJC_MSGSEND = YES;
				GCC_C_LANGUAGE_STANDARD = gnu99;
				GCC_NO_COMMON_BLOCKS = YES;
				GCC_WARN_64_TO_32_BIT_CONVERSION = YES;
				GCC_WARN_ABOUT_RETURN_TYPE = YES_ERROR;
				GCC_WARN_UNDECLARED_SELECTOR = YES;
				GCC_WARN_UNINITIALIZED_AUTOS = YES_AGGRESSIVE;
				GCC_WARN_UNUSED_FUNCTION = YES;
				GCC_WARN_UNUSED_VARIABLE = YES;
				IPHONEOS_DEPLOYMENT_TARGET = 10.3;
				MTL_ENABLE_DEBUG_INFO = NO;
				SDKROOT = iphoneos;
				SWIFT_OPTIMIZATION_LEVEL = "-Owholemodule";
				VALIDATE_PRODUCT = YES;
			};
			name = Release;
		};
		EF6657521ED0FA0D00335B1B /* Debug */ = {
			isa = XCBuildConfiguration;
			buildSettings = {
				ASSETCATALOG_COMPILER_APPICON_NAME = AppIcon;
				INFOPLIST_FILE = "MemeMe-App/Info.plist";
				LD_RUNPATH_SEARCH_PATHS = "$(inherited) @executable_path/Frameworks";
				PRODUCT_BUNDLE_IDENTIFIER = "com.jimitshah.MemeMe-App";
				PRODUCT_NAME = "$(TARGET_NAME)";
				SWIFT_VERSION = 3.0;
			};
			name = Debug;
		};
		EF6657531ED0FA0D00335B1B /* Release */ = {
			isa = XCBuildConfiguration;
			buildSettings = {
				ASSETCATALOG_COMPILER_APPICON_NAME = AppIcon;
				INFOPLIST_FILE = "MemeMe-App/Info.plist";
				LD_RUNPATH_SEARCH_PATHS = "$(inherited) @executable_path/Frameworks";
				PRODUCT_BUNDLE_IDENTIFIER = "com.jimitshah.MemeMe-App";
				PRODUCT_NAME = "$(TARGET_NAME)";
				SWIFT_VERSION = 3.0;
			};
			name = Release;
		};
/* End XCBuildConfiguration section */

/* Begin XCConfigurationList section */
		EF66573A1ED0FA0C00335B1B /* Build configuration list for PBXProject "MemeMe-App" */ = {
			isa = XCConfigurationList;
			buildConfigurations = (
				EF66574F1ED0FA0D00335B1B /* Debug */,
				EF6657501ED0FA0D00335B1B /* Release */,
			);
			defaultConfigurationIsVisible = 0;
			defaultConfigurationName = Release;
		};
		EF6657511ED0FA0D00335B1B /* Build configuration list for PBXNativeTarget "MemeMe-App" */ = {
			isa = XCConfigurationList;
			buildConfigurations = (
				EF6657521ED0FA0D00335B1B /* Debug */,
				EF6657531ED0FA0D00335B1B /* Release */,
			);
			defaultConfigurationIsVisible = 0;
			defaultConfigurationName = Release;
		};
/* End XCConfigurationList section */
	};
	rootObject = EF6657371ED0FA0C00335B1B /* Project object */;
}
